
Microsoft Visual Studio Solution File, Format Version 12.00
# Visual Studio Version 17
VisualStudioVersion = 17.11.35327.3
MinimumVisualStudioVersion = 10.0.40219.1
Project("{FAE04EC0-301F-11D3-BF4B-00C04F79EFBC}") = "Assignments 6.3", "Assignments 6.3.csproj", "{18CAB6F2-596D-4521-916C-9D3EAA3250BD}"
EndProject
Global
	GlobalSection(SolutionConfigurationPlatforms) = preSolution
		Debug|Any CPU = Debug|Any CPU
		Release|Any CPU = Release|Any CPU
	EndGlobalSection
	GlobalSection(ProjectConfigurationPlatforms) = postSolution
		{18CAB6F2-596D-4521-916C-9D3EAA3250BD}.Debug|Any CPU.ActiveCfg = Debug|Any CPU
		{18CAB6F2-596D-4521-916C-9D3EAA3250BD}.Debug|Any CPU.Build.0 = Debug|Any CPU
		{18CAB6F2-596D-4521-916C-9D3EAA3250BD}.Release|Any CPU.ActiveCfg = Release|Any CPU
		{18CAB6F2-596D-4521-916C-9D3EAA3250BD}.Release|Any CPU.Build.0 = Release|Any CPU
	EndGlobalSection
	GlobalSection(SolutionProperties) = preSolution
		HideSolutionNode = FALSE
	EndGlobalSection
	GlobalSection(ExtensibilityGlobals) = postSolution
		SolutionGuid = {50980AB4-0951-4488-8678-F918838EA16E}
	EndGlobalSection
EndGlobal
